
Microsoft Visual Studio Solution File, Format Version 12.00
# Visual Studio Version 16
VisualStudioVersion = 16.0.28729.10
MinimumVisualStudioVersion = 10.0.40219.1
Project("{FAE04EC0-301F-11D3-BF4B-00C04F79EFBC}") = "Typing_Practice", "Typing_Practice.csproj", "{FA0EFD66-62C7-4AC2-9E46-07BD7E709604}"
EndProject
Global
	GlobalSection(SolutionConfigurationPlatforms) = preSolution
		Debug|Any CPU = Debug|Any CPU
		Release|Any CPU = Release|Any CPU
	EndGlobalSection
	GlobalSection(ProjectConfigurationPlatforms) = postSolution
		
	EndGlobalSection
	GlobalSection(SolutionProperties) = preSolution
		HideSolutionNode = FALSE
	EndGlobalSection
	GlobalSection(ExtensibilityGlobals) = postSolution
		SolutionGuid = {AD5749D4-68BA-4596-8B74-3736DBE0ADFC}
	EndGlobalSection
	lobalSection(ExtensibilityGlobals) = postSolution
		SolutionGuid = {AD5749D4-68BA-4596-8B74-3736DBE0ADFC}
	EndGlobalSection
EndGlobal
